// !$*UTF8*$!
{
	archiveVersion = 1;
	classes = {
	};
	objectVersion = 48;
	objects = {

/* Begin PBXBuildFile section */
		74E8A141204FBCDD00843121 /* AppDelegate.swift in Sources */ = {isa = PBXBuildFile; fileRef = 74E8A140204FBCDD00843121 /* AppDelegate.swift */; };
		74E8A143204FBCDD00843121 /* ViewController.swift in Sources */ = {isa = PBXBuildFile; fileRef = 74E8A142204FBCDD00843121 /* ViewController.swift */; };
		74E8A146204FBCDD00843121 /* Main.storyboard in Resources */ = {isa = PBXBuildFile; fileRef = 74E8A144204FBCDD00843121 /* Main.storyboard */; };
		74E8A148204FBCDD00843121 /* Assets.xcassets in Resources */ = {isa = PBXBuildFile; fileRef = 74E8A147204FBCDD00843121 /* Assets.xcassets */; };
		74E8A14B204FBCDD00843121 /* LaunchScreen.storyboard in Resources */ = {isa = PBXBuildFile; fileRef = 74E8A149204FBCDD00843121 /* LaunchScreen.storyboard */; };
		74E8A156204FBCDD00843121 /* My_First_AppTests.swift in Sources */ = {isa = PBXBuildFile; fileRef = 74E8A155204FBCDD00843121 /* My_First_AppTests.swift */; };
		74E8A161204FBCDD00843121 /* My_First_AppUITests.swift in Sources */ = {isa = PBXBuildFile; fileRef = 74E8A160204FBCDD00843121 /* My_First_AppUITests.swift */; };
/* End PBXBuildFile section */

/* Begin PBXContainerItemProxy section */
		74E8A152204FBCDD00843121 /* PBXContainerItemProxy */ = {
			isa = PBXContainerItemProxy;
			containerPortal = 74E8A135204FBCDD00843121 /* Project object */;
			proxyType = 1;
			remoteGlobalIDString = 74E8A13C204FBCDD00843121;
			remoteInfo = "My First App";
		};
		74E8A15D204FBCDD00843121 /* PBXContainerItemProxy */ = {
			isa = PBXContainerItemProxy;
			containerPortal = 74E8A135204FBCDD00843121 /* Project object */;
			proxyType = 1;
			remoteGlobalIDString = 74E8A13C204FBCDD00843121;
			remoteInfo = "My First App";
		};
/* End PBXContainerItemProxy section */

/* Begin PBXFileReference section */
		74E8A13D204FBCDD00843121 /* My First App.app */ = {isa = PBXFileReference; explicitFileType = wrapper.application; includeInIndex = 0; path = "My First App.app"; sourceTree = BUILT_PRODUCTS_DIR; };
		74E8A140204FBCDD00843121 /* AppDelegate.swift */ = {isa = PBXFileReference; lastKnownFileType = sourcecode.swift; path = AppDelegate.swift; sourceTree = "<group>"; };
		74E8A142204FBCDD00843121 /* ViewController.swift */ = {isa = PBXFileReference; lastKnownFileType = sourcecode.swift; path = ViewController.swift; sourceTree = "<group>"; };
		74E8A145204FBCDD00843121 /* Base */ = {isa = PBXFileReference; lastKnownFileType = file.storyboard; name = Base; path = Base.lproj/Main.storyboard; sourceTree = "<group>"; };
		74E8A147204FBCDD00843121 /* Assets.xcassets */ = {isa = PBXFileReference; lastKnownFileType = folder.assetcatalog; path = Assets.xcassets; sourceTree = "<group>"; };
		74E8A14A204FBCDD00843121 /* Base */ = {isa = PBXFileReference; lastKnownFileType = file.storyboard; name = Base; path = Base.lproj/LaunchScreen.storyboard; sourceTree = "<group>"; };
		74E8A14C204FBCDD00843121 /* Info.plist */ = {isa = PBXFileReference; lastKnownFileType = text.plist.xml; path = Info.plist; sourceTree = "<group>"; };
		74E8A151204FBCDD00843121 /* My First AppTests.xctest */ = {isa = PBXFileReference; explicitFileType = wrapper.cfbundle; includeInIndex = 0; path = "My First AppTests.xctest"; sourceTree = BUILT_PRODUCTS_DIR; };
		74E8A155204FBCDD00843121 /* My_First_AppTests.swift */ = {isa = PBXFileReference; lastKnownFileType = sourcecode.swift; path = My_First_AppTests.swift; sourceTree = "<group>"; };
		74E8A157204FBCDD00843121 /* Info.plist */ = {isa = PBXFileReference; lastKnownFileType = text.plist.xml; path = Info.plist; sourceTree = "<group>"; };
		74E8A15C204FBCDD00843121 /* My First AppUITests.xctest */ = {isa = PBXFileReference; explicitFileType = wrapper.cfbundle; includeInIndex = 0; path = "My First AppUITests.xctest"; sourceTree = BUILT_PRODUCTS_DIR; };
		74E8A160204FBCDD00843121 /* My_First_AppUITests.swift */ = {isa = PBXFileReference; lastKnownFileType = sourcecode.swift; path = My_First_AppUITests.swift; sourceTree = "<group>"; };
		74E8A162204FBCDD00843121 /* Info.plist */ = {isa = PBXFileReference; lastKnownFileType = text.plist.xml; path = Info.plist; sourceTree = "<group>"; };
/* End PBXFileReference section */

/* Begin PBXFrameworksBuildPhase section */
		74E8A13A204FBCDD00843121 /* Frameworks */ = {
			isa = PBXFrameworksBuildPhase;
			buildActionMask = 2147483647;
			files = (
			);
			runOnlyForDeploymentPostprocessing = 0;
		};
		74E8A14E204FBCDD00843121 /* Frameworks */ = {
			isa = PBXFrameworksBuildPhase;
			buildActionMask = 2147483647;
			files = (
			);
			runOnlyForDeploymentPostprocessing = 0;
		};
		74E8A159204FBCDD00843121 /* Frameworks */ = {
			isa = PBXFrameworksBuildPhase;
			buildActionMask = 2147483647;
			files = (
			);
			runOnlyForDeploymentPostprocessing = 0;
		};
/* End PBXFrameworksBuildPhase section */

/* Begin PBXGroup section */
		74E8A134204FBCDD00843121 = {
			isa = PBXGroup;
			children = (
				74E8A13F204FBCDD00843121 /* My First App */,
				74E8A154204FBCDD00843121 /* My First AppTests */,
				74E8A15F204FBCDD00843121 /* My First AppUITests */,
				74E8A13E204FBCDD00843121 /* Products */,
			);
			sourceTree = "<group>";
		};
		74E8A13E204FBCDD00843121 /* Products */ = {
			isa = PBXGroup;
			children = (
				74E8A13D204FBCDD00843121 /* My First App.app */,
				74E8A151204FBCDD00843121 /* My First AppTests.xctest */,
				74E8A15C204FBCDD00843121 /* My First AppUITests.xctest */,
			);
			name = Products;
			sourceTree = "<group>";
		};
		74E8A13F204FBCDD00843121 /* My First App */ = {
			isa = PBXGroup;
			children = (
				74E8A140204FBCDD00843121 /* AppDelegate.swift */,
				74E8A142204FBCDD00843121 /* ViewController.swift */,
				74E8A144204FBCDD00843121 /* Main.storyboard */,
				74E8A147204FBCDD00843121 /* Assets.xcassets */,
				74E8A149204FBCDD00843121 /* LaunchScreen.storyboard */,
				74E8A14C204FBCDD00843121 /* Info.plist */,
			);
			path = "My First App";
			sourceTree = "<group>";
		};
		74E8A154204FBCDD00843121 /* My First AppTests */ = {
			isa = PBXGroup;
			children = (
				74E8A155204FBCDD00843121 /* My_First_AppTests.swift */,
				74E8A157204FBCDD00843121 /* Info.plist */,
			);
			path = "My First AppTests";
			sourceTree = "<group>";
		};
		74E8A15F204FBCDD00843121 /* My First AppUITests */ = {
			isa = PBXGroup;
			children = (
				74E8A160204FBCDD00843121 /* My_First_AppUITests.swift */,
				74E8A162204FBCDD00843121 /* Info.plist */,
			);
			path = "My First AppUITests";
			sourceTree = "<group>";
		};
/* End PBXGroup section */

/* Begin PBXNativeTarget section */
		74E8A13C204FBCDD00843121 /* My First App */ = {
			isa = PBXNativeTarget;
			buildConfigurationList = 74E8A165204FBCDD00843121 /* Build configuration list for PBXNativeTarget "My First App" */;
			buildPhases = (
				74E8A139204FBCDD00843121 /* Sources */,
				74E8A13A204FBCDD00843121 /* Frameworks */,
				74E8A13B204FBCDD00843121 /* Resources */,
			);
			buildRules = (
			);
			dependencies = (
			);
			name = "My First App";
			productName = "My First App";
			productReference = 74E8A13D204FBCDD00843121 /* My First App.app */;
			productType = "com.apple.product-type.application";
		};
		74E8A150204FBCDD00843121 /* My First AppTests */ = {
			isa = PBXNativeTarget;
			buildConfigurationList = 74E8A168204FBCDD00843121 /* Build configuration list for PBXNativeTarget "My First AppTests" */;
			buildPhases = (
				74E8A14D204FBCDD00843121 /* Sources */,
				74E8A14E204FBCDD00843121 /* Frameworks */,
				74E8A14F204FBCDD00843121 /* Resources */,
			);
			buildRules = (
			);
			dependencies = (
				74E8A153204FBCDD00843121 /* PBXTargetDependency */,
			);
			name = "My First AppTests";
			productName = "My First AppTests";
			productReference = 74E8A151204FBCDD00843121 /* My First AppTests.xctest */;
			productType = "com.apple.product-type.bundle.unit-test";
		};
		74E8A15B204FBCDD00843121 /* My First AppUITests */ = {
			isa = PBXNativeTarget;
			buildConfigurationList = 74E8A16B204FBCDD00843121 /* Build configuration list for PBXNativeTarget "My First AppUITests" */;
			buildPhases = (
				74E8A158204FBCDD00843121 /* Sources */,
				74E8A159204FBCDD00843121 /* Frameworks */,
				74E8A15A204FBCDD00843121 /* Resources */,
			);
			buildRules = (
			);
			dependencies = (
				74E8A15E204FBCDD00843121 /* PBXTargetDependency */,
			);
			name = "My First AppUITests";
			productName = "My First AppUITests";
			productReference = 74E8A15C204FBCDD00843121 /* My First AppUITests.xctest */;
			productType = "com.apple.product-type.bundle.ui-testing";
		};
/* End PBXNativeTarget section */

/* Begin PBXProject section */
		74E8A135204FBCDD00843121 /* Project object */ = {
			isa = PBXProject;
			attributes = {
				LastSwiftUpdateCheck = 0920;
				LastUpgradeCheck = 0920;
				ORGANIZATIONNAME = D7703_02;
				TargetAttributes = {
					74E8A13C204FBCDD00843121 = {
						CreatedOnToolsVersion = 9.2;
						ProvisioningStyle = Automatic;
					};
					74E8A150204FBCDD00843121 = {
						CreatedOnToolsVersion = 9.2;
						ProvisioningStyle = Automatic;
						TestTargetID = 74E8A13C204FBCDD00843121;
					};
					74E8A15B204FBCDD00843121 = {
						CreatedOnToolsVersion = 9.2;
						ProvisioningStyle = Automatic;
						TestTargetID = 74E8A13C204FBCDD00843121;
					};
				};
			};
			buildConfigurationList = 74E8A138204FBCDD00843121 /* Build configuration list for PBXProject "My First App" */;
			compatibilityVersion = "Xcode 8.0";
			developmentRegion = en;
			hasScannedForEncodings = 0;
			knownRegions = (
				en,
				Base,
			);
			mainGroup = 74E8A134204FBCDD00843121;
			productRefGroup = 74E8A13E204FBCDD00843121 /* Products */;
			projectDirPath = "";
			projectRoot = "";
			targets = (
				74E8A13C204FBCDD00843121 /* My First App */,
				74E8A150204FBCDD00843121 /* My First AppTests */,
				74E8A15B204FBCDD00843121 /* My First AppUITests */,
			);
		};
/* End PBXProject section */

/* Begin PBXResourcesBuildPhase section */
		74E8A13B204FBCDD00843121 /* Resources */ = {
			isa = PBXResourcesBuildPhase;
			buildActionMask = 2147483647;
			files = (
				74E8A14B204FBCDD00843121 /* LaunchScreen.storyboard in Resources */,
				74E8A148204FBCDD00843121 /* Assets.xcassets in Resources */,
				74E8A146204FBCDD00843121 /* Main.storyboard in Resources */,
			);
			runOnlyForDeploymentPostprocessing = 0;
		};
		74E8A14F204FBCDD00843121 /* Resources */ = {
			isa = PBXResourcesBuildPhase;
			buildActionMask = 2147483647;
			files = (
			);
			runOnlyForDeploymentPostprocessing = 0;
		};
		74E8A15A204FBCDD00843121 /* Resources */ = {
			isa = PBXResourcesBuildPhase;
			buildActionMask = 2147483647;
			files = (
			);
			runOnlyForDeploymentPostprocessing = 0;
		};
/* End PBXResourcesBuildPhase section */

/* Begin PBXSourcesBuildPhase section */
		74E8A139204FBCDD00843121 /* Sources */ = {
			isa = PBXSourcesBuildPhase;
			buildActionMask = 2147483647;
			files = (
				74E8A143204FBCDD00843121 /* ViewController.swift in Sources */,
				74E8A141204FBCDD00843121 /* AppDelegate.swift in Sources */,
			);
			runOnlyForDeploymentPostprocessing = 0;
		};
		74E8A14D204FBCDD00843121 /* Sources */ = {
			isa = PBXSourcesBuildPhase;
			buildActionMask = 2147483647;
			files = (
				74E8A156204FBCDD00843121 /* My_First_AppTests.swift in Sources */,
			);
			runOnlyForDeploymentPostprocessing = 0;
		};
		74E8A158204FBCDD00843121 /* Sources */ = {
			isa = PBXSourcesBuildPhase;
			buildActionMask = 2147483647;
			files = (
				74E8A161204FBCDD00843121 /* My_First_AppUITests.swift in Sources */,
			);
			runOnlyForDeploymentPostprocessing = 0;
		};
/* End PBXSourcesBuildPhase section */

/* Begin PBXTargetDependency section */
		74E8A153204FBCDD00843121 /* PBXTargetDependency */ = {
			isa = PBXTargetDependency;
			target = 74E8A13C204FBCDD00843121 /* My First App */;
			targetProxy = 74E8A152204FBCDD00843121 /* PBXContainerItemProxy */;
		};
		74E8A15E204FBCDD00843121 /* PBXTargetDependency */ = {
			isa = PBXTargetDependency;
			target = 74E8A13C204FBCDD00843121 /* My First App */;
			targetProxy = 74E8A15D204FBCDD00843121 /* PBXContainerItemProxy */;
		};
/* End PBXTargetDependency section */

/* Begin PBXVariantGroup section */
		74E8A144204FBCDD00843121 /* Main.storyboard */ = {
			isa = PBXVariantGroup;
			children = (
				74E8A145204FBCDD00843121 /* Base */,
			);
			name = Main.storyboard;
			sourceTree = "<group>";
		};
		74E8A149204FBCDD00843121 /* LaunchScreen.storyboard */ = {
			isa = PBXVariantGroup;
			children = (
				74E8A14A204FBCDD00843121 /* Base */,
			);
			name = LaunchScreen.storyboard;
			sourceTree = "<group>";
		};
/* End PBXVariantGroup section */

/* Begin XCBuildConfiguration section */
		74E8A163204FBCDD00843121 /* Debug */ = {
			isa = XCBuildConfiguration;
			buildSettings = {
				ALWAYS_SEARCH_USER_PATHS = NO;
				CLANG_ANALYZER_NONNULL = YES;
				CLANG_ANALYZER_NUMBER_OBJECT_CONVERSION = YES_AGGRESSIVE;
				CLANG_CXX_LANGUAGE_STANDARD = "gnu++14";
				CLANG_CXX_LIBRARY = "libc++";
				CLANG_ENABLE_MODULES = YES;
				CLANG_ENABLE_OBJC_ARC = YES;
				CLANG_WARN_BLOCK_CAPTURE_AUTORELEASING = YES;
				CLANG_WARN_BOOL_CONVERSION = YES;
				CLANG_WARN_COMMA = YES;
				CLANG_WARN_CONSTANT_CONVERSION = YES;
				CLANG_WARN_DIRECT_OBJC_ISA_USAGE = YES_ERROR;
				CLANG_WARN_DOCUMENTATION_COMMENTS = YES;
				CLANG_WARN_EMPTY_BODY = YES;
				CLANG_WARN_ENUM_CONVERSION = YES;
				CLANG_WARN_INFINITE_RECURSION = YES;
				CLANG_WARN_INT_CONVERSION = YES;
				CLANG_WARN_NON_LITERAL_NULL_CONVERSION = YES;
				CLANG_WARN_OBJC_LITERAL_CONVERSION = YES;
				CLANG_WARN_OBJC_ROOT_CLASS = YES_ERROR;
				CLANG_WARN_RANGE_LOOP_ANALYSIS = YES;
				CLANG_WARN_STRICT_PROTOTYPES = YES;
				CLANG_WARN_SUSPICIOUS_MOVE = YES;
				CLANG_WARN_UNGUARDED_AVAILABILITY = YES_AGGRESSIVE;
				CLANG_WARN_UNREACHABLE_CODE = YES;
				CLANG_WARN__DUPLICATE_METHOD_MATCH = YES;
				CODE_SIGN_IDENTITY = "iPhone Developer";
				COPY_PHASE_STRIP = NO;
				DEBUG_INFORMATION_FORMAT = dwarf;
				ENABLE_STRICT_OBJC_MSGSEND = YES;
				ENABLE_TESTABILITY = YES;
				GCC_C_LANGUAGE_STANDARD = gnu11;
				GCC_DYNAMIC_NO_PIC = NO;
				GCC_NO_COMMON_BLOCKS = YES;
				GCC_OPTIMIZATION_LEVEL = 0;
				GCC_PREPROCESSOR_DEFINITIONS = (
					"DEBUG=1",
					"$(inherited)",
				);
				GCC_WARN_64_TO_32_BIT_CONVERSION = YES;
				GCC_WARN_ABOUT_RETURN_TYPE = YES_ERROR;
				GCC_WARN_UNDECLARED_SELECTOR = YES;
				GCC_WARN_UNINITIALIZED_AUTOS = YES_AGGRESSIVE;
				GCC_WARN_UNUSED_FUNCTION = YES;
				GCC_WARN_UNUSED_VARIABLE = YES;
				IPHONEOS_DEPLOYMENT_TARGET = 11.2;
				MTL_ENABLE_DEBUG_INFO = YES;
				ONLY_ACTIVE_ARCH = YES;
				SDKROOT = iphoneos;
				SWIFT_ACTIVE_COMPILATION_CONDITIONS = DEBUG;
				SWIFT_OPTIMIZATION_LEVEL = "-Onone";
			};
			name = Debug;
		};
		74E8A164204FBCDD00843121 /* Release */ = {
			isa = XCBuildConfiguration;
			buildSettings = {
				ALWAYS_SEARCH_USER_PATHS = NO;
				CLANG_ANALYZER_NONNULL = YES;
				CLANG_ANALYZER_NUMBER_OBJECT_CONVERSION = YES_AGGRESSIVE;
				CLANG_CXX_LANGUAGE_STANDARD = "gnu++14";
				CLANG_CXX_LIBRARY = "libc++";
				CLANG_ENABLE_MODULES = YES;
				CLANG_ENABLE_OBJC_ARC = YES;
				CLANG_WARN_BLOCK_CAPTURE_AUTORELEASING = YES;
				CLANG_WARN_BOOL_CONVERSION = YES;
				CLANG_WARN_COMMA = YES;
				CLANG_WARN_CONSTANT_CONVERSION = YES;
				CLANG_WARN_DIRECT_OBJC_ISA_USAGE = YES_ERROR;
				CLANG_WARN_DOCUMENTATION_COMMENTS = YES;
				CLANG_WARN_EMPTY_BODY = YES;
				CLANG_WARN_ENUM_CONVERSION = YES;
				CLANG_WARN_INFINITE_RECURSION = YES;
				CLANG_WARN_INT_CONVERSION = YES;
				CLANG_WARN_NON_LITERAL_NULL_CONVERSION = YES;
				CLANG_WARN_OBJC_LITERAL_CONVERSION = YES;
				CLANG_WARN_OBJC_ROOT_CLASS = YES_ERROR;
				CLANG_WARN_RANGE_LOOP_ANALYSIS = YES;
				CLANG_WARN_STRICT_PROTOTYPES = YES;
				CLANG_WARN_SUSPICIOUS_MOVE = YES;
				CLANG_WARN_UNGUARDED_AVAILABILITY = YES_AGGRESSIVE;
				CLANG_WARN_UNREACHABLE_CODE = YES;
				CLANG_WARN__DUPLICATE_METHOD_MATCH = YES;
				CODE_SIGN_IDENTITY = "iPhone Developer";
				COPY_PHASE_STRIP = NO;
				DEBUG_INFORMATION_FORMAT = "dwarf-with-dsym";
				ENABLE_NS_ASSERTIONS = NO;
				ENABLE_STRICT_OBJC_MSGSEND = YES;
				GCC_C_LANGUAGE_STANDARD = gnu11;
				GCC_NO_COMMON_BLOCKS = YES;
				GCC_WARN_64_TO_32_BIT_CONVERSION = YES;
				GCC_WARN_ABOUT_RETURN_TYPE = YES_ERROR;
				GCC_WARN_UNDECLARED_SELECTOR = YES;
				GCC_WARN_UNINITIALIZED_AUTOS = YES_AGGRESSIVE;
				GCC_WARN_UNUSED_FUNCTION = YES;
				GCC_WARN_UNUSED_VARIABLE = YES;
				IPHONEOS_DEPLOYMENT_TARGET = 11.2;
				MTL_ENABLE_DEBUG_INFO = NO;
				SDKROOT = iphoneos;
				SWIFT_OPTIMIZATION_LEVEL = "-Owholemodule";
				VALIDATE_PRODUCT = YES;
			};
			name = Release;
		};
		74E8A166204FBCDD00843121 /* Debug */ = {
			isa = XCBuildConfiguration;
			buildSettings = {
				ASSETCATALOG_COMPILER_APPICON_NAME = AppIcon;
				CODE_SIGN_STYLE = Automatic;
				INFOPLIST_FILE = "My First App/Info.plist";
				LD_RUNPATH_SEARCH_PATHS = "$(inherited) @executable_path/Frameworks";
				PRODUCT_BUNDLE_IDENTIFIER = "dit.My-First-App";
				PRODUCT_NAME = "$(TARGET_NAME)";
				SWIFT_VERSION = 4.0;
				TARGETED_DEVICE_FAMILY = "1,2";
			};
			name = Debug;
		};
		74E8A167204FBCDD00843121 /* Release */ = {
			isa = XCBuildConfiguration;
			buildSettings = {
				ASSETCATALOG_COMPILER_APPICON_NAME = AppIcon;
				CODE_SIGN_STYLE = Automatic;
				INFOPLIST_FILE = "My First App/Info.plist";
				LD_RUNPATH_SEARCH_PATHS = "$(inherited) @executable_path/Frameworks";
				PRODUCT_BUNDLE_IDENTIFIER = "dit.My-First-App";
				PRODUCT_NAME = "$(TARGET_NAME)";
				SWIFT_VERSION = 4.0;
				TARGETED_DEVICE_FAMILY = "1,2";
			};
			name = Release;
		};
		74E8A169204FBCDD00843121 /* Debug */ = {
			isa = XCBuildConfiguration;
			buildSettings = {
				ALWAYS_EMBED_SWIFT_STANDARD_LIBRARIES = YES;
				BUNDLE_LOADER = "$(TEST_HOST)";
				CODE_SIGN_STYLE = Automatic;
				INFOPLIST_FILE = "My First AppTests/Info.plist";
				LD_RUNPATH_SEARCH_PATHS = "$(inherited) @executable_path/Frameworks @loader_path/Frameworks";
				PRODUCT_BUNDLE_IDENTIFIER = "dit.My-First-AppTests";
				PRODUCT_NAME = "$(TARGET_NAME)";
				SWIFT_VERSION = 4.0;
				TARGETED_DEVICE_FAMILY = "1,2";
				TEST_HOST = "$(BUILT_PRODUCTS_DIR)/My First App.app/My First App";
			};
			name = Debug;
		};
		74E8A16A204FBCDD00843121 /* Release */ = {
			isa = XCBuildConfiguration;
			buildSettings = {
				ALWAYS_EMBED_SWIFT_STANDARD_LIBRARIES = YES;
				BUNDLE_LOADER = "$(TEST_HOST)";
				CODE_SIGN_STYLE = Automatic;
				INFOPLIST_FILE = "My First AppTests/Info.plist";
				LD_RUNPATH_SEARCH_PATHS = "$(inherited) @executable_path/Frameworks @loader_path/Frameworks";
				PRODUCT_BUNDLE_IDENTIFIER = "dit.My-First-AppTests";
				PRODUCT_NAME = "$(TARGET_NAME)";
				SWIFT_VERSION = 4.0;
				TARGETED_DEVICE_FAMILY = "1,2";
				TEST_HOST = "$(BUILT_PRODUCTS_DIR)/My First App.app/My First App";
			};
			name = Release;
		};
		74E8A16C204FBCDD00843121 /* Debug */ = {
			isa = XCBuildConfiguration;
			buildSettings = {
				ALWAYS_EMBED_SWIFT_STANDARD_LIBRARIES = YES;
				CODE_SIGN_STYLE = Automatic;
				INFOPLIST_FILE = "My First AppUITests/Info.plist";
				LD_RUNPATH_SEARCH_PATHS = "$(inherited) @executable_path/Frameworks @loader_path/Frameworks";
				PRODUCT_BUNDLE_IDENTIFIER = "dit.My-First-AppUITests";
				PRODUCT_NAME = "$(TARGET_NAME)";
				SWIFT_VERSION = 4.0;
				TARGETED_DEVICE_FAMILY = "1,2";
				TEST_TARGET_NAME = "My First App";
			};
			name = Debug;
		};
		74E8A16D204FBCDD00843121 /* Release */ = {
			isa = XCBuildConfiguration;
			buildSettings = {
				ALWAYS_EMBED_SWIFT_STANDARD_LIBRARIES = YES;
				CODE_SIGN_STYLE = Automatic;
				INFOPLIST_FILE = "My First AppUITests/Info.plist";
				LD_RUNPATH_SEARCH_PATHS = "$(inherited) @executable_path/Frameworks @loader_path/Frameworks";
				PRODUCT_BUNDLE_IDENTIFIER = "dit.My-First-AppUITests";
				PRODUCT_NAME = "$(TARGET_NAME)";
				SWIFT_VERSION = 4.0;
				TARGETED_DEVICE_FAMILY = "1,2";
				TEST_TARGET_NAME = "My First App";
			};
			name = Release;
		};
/* End XCBuildConfiguration section */

/* Begin XCConfigurationList section */
		74E8A138204FBCDD00843121 /* Build configuration list for PBXProject "My First App" */ = {
			isa = XCConfigurationList;
			buildConfigurations = (
				74E8A163204FBCDD00843121 /* Debug */,
				74E8A164204FBCDD00843121 /* Release */,
			);
			defaultConfigurationIsVisible = 0;
			defaultConfigurationName = Release;
		};
		74E8A165204FBCDD00843121 /* Build configuration list for PBXNativeTarget "My First App" */ = {
			isa = XCConfigurationList;
			buildConfigurations = (
				74E8A166204FBCDD00843121 /* Debug */,
				74E8A167204FBCDD00843121 /* Release */,
			);
			defaultConfigurationIsVisible = 0;
			defaultConfigurationName = Release;
		};
		74E8A168204FBCDD00843121 /* Build configuration list for PBXNativeTarget "My First AppTests" */ = {
			isa = XCConfigurationList;
			buildConfigurations = (
				74E8A169204FBCDD00843121 /* Debug */,
				74E8A16A204FBCDD00843121 /* Release */,
			);
			defaultConfigurationIsVisible = 0;
			defaultConfigurationName = Release;
		};
		74E8A16B204FBCDD00843121 /* Build configuration list for PBXNativeTarget "My First AppUITests" */ = {
			isa = XCConfigurationList;
			buildConfigurations = (
				74E8A16C204FBCDD00843121 /* Debug */,
				74E8A16D204FBCDD00843121 /* Release */,
			);
			defaultConfigurationIsVisible = 0;
			defaultConfigurationName = Release;
		};
/* End XCConfigurationList section */
	};
	rootObject = 74E8A135204FBCDD00843121 /* Project object */;
}
